{
  "object": {
    "pins": [
      {
        "package": "swift-argument-parser",
        "repositoryURL": "https://github.com/apple/swift-argument-parser",
        "state": {
          "branch": null,
          "revision": "f3c9084a71ef4376f2fabbdf1d3d90a49f1fabdb",
          "version": "1.1.2"
        }
      },
      {
        "package": "swift-system",
        "repositoryURL": "https://github.com/apple/swift-system",
        "state": {
          "branch": null,
          "revision": "39774ef16a6d91dee6f666b940e00ea202710cf7",
          "version": "0.0.3"
        }
      }
    ]
  },
  "version": 1
}
