{
  "object": {
    "pins": [
      {
        "package": "swift-argument-parser",
        "repositoryURL": "https://github.com/apple/swift-argument-parser",
        "state": {
          "branch": null,
          "revision": "83b23d940471b313427da226196661856f6ba3e0",
          "version": "0.4.4"
        }
      },
      {
        "package": "swift-collections-benchmark",
        "repositoryURL": "https://github.com/apple/swift-collections-benchmark",
        "state": {
          "branch": null,
          "revision": "665cbb154a55f45bcedd2ab4faf17b1b7ac06de3",
          "version": "0.0.2"
        }
      },
      {
        "package": "swift-system",
        "repositoryURL": "https://github.com/apple/swift-system",
        "state": {
          "branch": null,
          "revision": "2bc160bfe34d843ae5ff47168080add24dfd7eac",
          "version": "0.0.2"
        }
      }
    ]
  },
  "version": 1
}
